
Microsoft Visual Studio Solution File, Format Version 12.00
# Visual Studio Version 17
VisualStudioVersion = 17.4.33103.184
MinimumVisualStudioVersion = 10.0.40219.1
Project("{9A19103F-16F7-4668-BE54-9A1E7A4F7556}") = "Gym-Tracks", "Gym-Tracks\Gym-Tracks.csproj", "{B45F3972-8578-48FD-BA88-8BB57FCC4A1C}"
EndProject
Project("{9A19103F-16F7-4668-BE54-9A1E7A4F7556}") = "Execise.Models", "Execise.Models\Execise.Models.csproj", "{E9463ADE-9AFE-441D-939E-0DC75B39F3F1}"
EndProject
Global
	GlobalSection(SolutionConfigurationPlatforms) = preSolution
		Debug|Any CPU = Debug|Any CPU
		Release|Any CPU = Release|Any CPU
	EndGlobalSection
	GlobalSection(ProjectConfigurationPlatforms) = postSolution
		{B45F3972-8578-48FD-BA88-8BB57FCC4A1C}.Debug|Any CPU.ActiveCfg = Debug|Any CPU
		{B45F3972-8578-48FD-BA88-8BB57FCC4A1C}.Debug|Any CPU.Build.0 = Debug|Any CPU
		{B45F3972-8578-48FD-BA88-8BB57FCC4A1C}.Release|Any CPU.ActiveCfg = Release|Any CPU
		{B45F3972-8578-48FD-BA88-8BB57FCC4A1C}.Release|Any CPU.Build.0 = Release|Any CPU
		{E9463ADE-9AFE-441D-939E-0DC75B39F3F1}.Debug|Any CPU.ActiveCfg = Debug|Any CPU
		{E9463ADE-9AFE-441D-939E-0DC75B39F3F1}.Debug|Any CPU.Build.0 = Debug|Any CPU
		{E9463ADE-9AFE-441D-939E-0DC75B39F3F1}.Release|Any CPU.ActiveCfg = Release|Any CPU
		{E9463ADE-9AFE-441D-939E-0DC75B39F3F1}.Release|Any CPU.Build.0 = Release|Any CPU
	EndGlobalSection
	GlobalSection(SolutionProperties) = preSolution
		HideSolutionNode = FALSE
	EndGlobalSection
	GlobalSection(ExtensibilityGlobals) = postSolution
		SolutionGuid = {CB52E372-0CB2-44F7-8D10-B9BA7D0BBF92}
	EndGlobalSection
EndGlobal
